
Microsoft Visual Studio Solution File, Format Version 12.00
# Visual Studio Version 16
VisualStudioVersion = 16.0.31205.134
MinimumVisualStudioVersion = 10.0.40219.1
Project("{FAE04EC0-301F-11D3-BF4B-00C04F79EFBC}") = "Loops2", "Loops2.csproj", "{BE1EF2BA-3F27-4EC5-9650-DE9D3B9CB85E}"
EndProject
Global
	GlobalSection(SolutionConfigurationPlatforms) = preSolution
		Debug|Any CPU = Debug|Any CPU
		Release|Any CPU = Release|Any CPU
	EndGlobalSection
	GlobalSection(ProjectConfigurationPlatforms) = postSolution
		{BE1EF2BA-3F27-4EC5-9650-DE9D3B9CB85E}.Debug|Any CPU.ActiveCfg = Debug|Any CPU
		{BE1EF2BA-3F27-4EC5-9650-DE9D3B9CB85E}.Debug|Any CPU.Build.0 = Debug|Any CPU
		{BE1EF2BA-3F27-4EC5-9650-DE9D3B9CB85E}.Release|Any CPU.ActiveCfg = Release|Any CPU
		{BE1EF2BA-3F27-4EC5-9650-DE9D3B9CB85E}.Release|Any CPU.Build.0 = Release|Any CPU
	EndGlobalSection
	GlobalSection(SolutionProperties) = preSolution
		HideSolutionNode = FALSE
	EndGlobalSection
	GlobalSection(ExtensibilityGlobals) = postSolution
		SolutionGuid = {6215F4AE-B8AD-4018-9EE7-0F70D723598F}
	EndGlobalSection
EndGlobal
