
Microsoft Visual Studio Solution File, Format Version 12.00
# Visual Studio Version 16
VisualStudioVersion = 16.0.31205.134
MinimumVisualStudioVersion = 10.0.40219.1
Project("{FAE04EC0-301F-11D3-BF4B-00C04F79EFBC}") = "Loops", "Loops.csproj", "{9E2E0CEE-4572-4172-B34C-A2D6CBCE3AB8}"
EndProject
Global
	GlobalSection(SolutionConfigurationPlatforms) = preSolution
		Debug|Any CPU = Debug|Any CPU
		Release|Any CPU = Release|Any CPU
	EndGlobalSection
	GlobalSection(ProjectConfigurationPlatforms) = postSolution
		{9E2E0CEE-4572-4172-B34C-A2D6CBCE3AB8}.Debug|Any CPU.ActiveCfg = Debug|Any CPU
		{9E2E0CEE-4572-4172-B34C-A2D6CBCE3AB8}.Debug|Any CPU.Build.0 = Debug|Any CPU
		{9E2E0CEE-4572-4172-B34C-A2D6CBCE3AB8}.Release|Any CPU.ActiveCfg = Release|Any CPU
		{9E2E0CEE-4572-4172-B34C-A2D6CBCE3AB8}.Release|Any CPU.Build.0 = Release|Any CPU
	EndGlobalSection
	GlobalSection(SolutionProperties) = preSolution
		HideSolutionNode = FALSE
	EndGlobalSection
	GlobalSection(ExtensibilityGlobals) = postSolution
		SolutionGuid = {96EB35F5-9ACE-494B-8DAC-C83A9F50EB80}
	EndGlobalSection
EndGlobal
